
Microsoft Visual Studio Solution File, Format Version 12.00
# Visual Studio Version 17
VisualStudioVersion = 17.3.32804.467
MinimumVisualStudioVersion = 10.0.40219.1
Project("{FAE04EC0-301F-11D3-BF4B-00C04F79EFBC}") = "17august2022", "17august2022\17august2022.csproj", "{8BDA86BC-560F-4532-B4A1-0BB6A69EC2FF}"
EndProject
Global
	GlobalSection(SolutionConfigurationPlatforms) = preSolution
		Debug|Any CPU = Debug|Any CPU
		Release|Any CPU = Release|Any CPU
	EndGlobalSection
	GlobalSection(ProjectConfigurationPlatforms) = postSolution
		{8BDA86BC-560F-4532-B4A1-0BB6A69EC2FF}.Debug|Any CPU.ActiveCfg = Debug|Any CPU
		{8BDA86BC-560F-4532-B4A1-0BB6A69EC2FF}.Debug|Any CPU.Build.0 = Debug|Any CPU
		{8BDA86BC-560F-4532-B4A1-0BB6A69EC2FF}.Release|Any CPU.ActiveCfg = Release|Any CPU
		{8BDA86BC-560F-4532-B4A1-0BB6A69EC2FF}.Release|Any CPU.Build.0 = Release|Any CPU
	EndGlobalSection
	GlobalSection(SolutionProperties) = preSolution
		HideSolutionNode = FALSE
	EndGlobalSection
	GlobalSection(ExtensibilityGlobals) = postSolution
		SolutionGuid = {F9B5AB10-563C-4655-A8A9-0CEB7E581949}
	EndGlobalSection
EndGlobal
